
Microsoft Visual Studio Solution File, Format Version 12.00
# Visual Studio Version 17
VisualStudioVersion = 17.5.33502.453
MinimumVisualStudioVersion = 10.0.40219.1
Project("{9A19103F-16F7-4668-BE54-9A1E7A4F7556}") = "MMU.Ifosic.Web", "src\MMU.Ifosic.Web\MMU.Ifosic.Web.csproj", "{6F6BBEEF-0B4F-4E29-B5C7-A08912815F48}"
EndProject
Project("{9A19103F-16F7-4668-BE54-9A1E7A4F7556}") = "MMU.Ifosic", "src\MMU.Ifosic\MMU.Ifosic.csproj", "{9907526E-18F5-459A-8949-A6923343E859}"
EndProject
Project("{9A19103F-16F7-4668-BE54-9A1E7A4F7556}") = "MMU.Ifosic.WPF", "src\MMU.Ifosic.WPF\MMU.Ifosic.WPF.csproj", "{5704EEB9-10D2-45FF-A131-07719702C931}"
EndProject
Project("{9A19103F-16F7-4668-BE54-9A1E7A4F7556}") = "MMU.Ifosic.Neubrex", "src\MMU.Ifosic.Neubrex\MMU.Ifosic.Neubrex.csproj", "{C6447B13-05C4-43FC-8D98-D9A61AC227EE}"
EndProject
Global
	GlobalSection(SolutionConfigurationPlatforms) = preSolution
		Debug|Any CPU = Debug|Any CPU
		Release|Any CPU = Release|Any CPU
	EndGlobalSection
	GlobalSection(ProjectConfigurationPlatforms) = postSolution
		{6F6BBEEF-0B4F-4E29-B5C7-A08912815F48}.Debug|Any CPU.ActiveCfg = Debug|Any CPU
		{6F6BBEEF-0B4F-4E29-B5C7-A08912815F48}.Debug|Any CPU.Build.0 = Debug|Any CPU
		{6F6BBEEF-0B4F-4E29-B5C7-A08912815F48}.Release|Any CPU.ActiveCfg = Release|Any CPU
		{6F6BBEEF-0B4F-4E29-B5C7-A08912815F48}.Release|Any CPU.Build.0 = Release|Any CPU
		{9907526E-18F5-459A-8949-A6923343E859}.Debug|Any CPU.ActiveCfg = Debug|Any CPU
		{9907526E-18F5-459A-8949-A6923343E859}.Debug|Any CPU.Build.0 = Debug|Any CPU
		{9907526E-18F5-459A-8949-A6923343E859}.Release|Any CPU.ActiveCfg = Release|Any CPU
		{9907526E-18F5-459A-8949-A6923343E859}.Release|Any CPU.Build.0 = Release|Any CPU
		{5704EEB9-10D2-45FF-A131-07719702C931}.Debug|Any CPU.ActiveCfg = Debug|Any CPU
		{5704EEB9-10D2-45FF-A131-07719702C931}.Debug|Any CPU.Build.0 = Debug|Any CPU
		{5704EEB9-10D2-45FF-A131-07719702C931}.Release|Any CPU.ActiveCfg = Release|Any CPU
		{5704EEB9-10D2-45FF-A131-07719702C931}.Release|Any CPU.Build.0 = Release|Any CPU
		{C6447B13-05C4-43FC-8D98-D9A61AC227EE}.Debug|Any CPU.ActiveCfg = Debug|Any CPU
		{C6447B13-05C4-43FC-8D98-D9A61AC227EE}.Debug|Any CPU.Build.0 = Debug|Any CPU
		{C6447B13-05C4-43FC-8D98-D9A61AC227EE}.Release|Any CPU.ActiveCfg = Release|Any CPU
		{C6447B13-05C4-43FC-8D98-D9A61AC227EE}.Release|Any CPU.Build.0 = Release|Any CPU
	EndGlobalSection
	GlobalSection(SolutionProperties) = preSolution
		HideSolutionNode = FALSE
	EndGlobalSection
	GlobalSection(ExtensibilityGlobals) = postSolution
		SolutionGuid = {794109A0-1A68-44BB-8627-97F0E7111858}
	EndGlobalSection
EndGlobal
